
Microsoft Visual Studio Solution File, Format Version 12.00
# Visual Studio Version 17
VisualStudioVersion = 17.0.32014.148
MinimumVisualStudioVersion = 10.0.40219.1
Project("{FAE04EC0-301F-11D3-BF4B-00C04F79EFBC}") = "GotvandPersianDatePicker_Test", "GotvandPersianDatePicker_Test\GotvandPersianDatePicker_Test.csproj", "{87421849-21BC-46E7-9DDB-8D428B718BC9}"
EndProject
Global
	GlobalSection(SolutionConfigurationPlatforms) = preSolution
		Debug|Any CPU = Debug|Any CPU
		Release|Any CPU = Release|Any CPU
	EndGlobalSection
	GlobalSection(ProjectConfigurationPlatforms) = postSolution
		{87421849-21BC-46E7-9DDB-8D428B718BC9}.Debug|Any CPU.ActiveCfg = Debug|Any CPU
		{87421849-21BC-46E7-9DDB-8D428B718BC9}.Debug|Any CPU.Build.0 = Debug|Any CPU
		{87421849-21BC-46E7-9DDB-8D428B718BC9}.Release|Any CPU.ActiveCfg = Release|Any CPU
		{87421849-21BC-46E7-9DDB-8D428B718BC9}.Release|Any CPU.Build.0 = Release|Any CPU
	EndGlobalSection
	GlobalSection(SolutionProperties) = preSolution
		HideSolutionNode = FALSE
	EndGlobalSection
	GlobalSection(ExtensibilityGlobals) = postSolution
		SolutionGuid = {D179C9FC-0335-4EC0-8156-4D2D115BE7E1}
	EndGlobalSection
EndGlobal
